// !$*UTF8*$!
{
	archiveVersion = 1;
	classes = {
	};
	objectVersion = 46;
	objects = {

/* Begin PBXBuildFile section */
		E956148D1AB980B200357FBE /* KNSFPwmViewController.m in Sources */ = {isa = PBXBuildFile; fileRef = E956148C1AB980B200357FBE /* KNSFPwmViewController.m */; };
		E967F3E31A1BDC870018EB2D /* KNSFDigitalIOTableViewCell.m in Sources */ = {isa = PBXBuildFile; fileRef = E967F3E11A1BDC870018EB2D /* KNSFDigitalIOTableViewCell.m */; };
		E967F3E41A1BDC870018EB2D /* KNSFDigitalIOTableViewCell.xib in Resources */ = {isa = PBXBuildFile; fileRef = E967F3E21A1BDC870018EB2D /* KNSFDigitalIOTableViewCell.xib */; };
		E967F3E81A1BEE570018EB2D /* KNSFAnalogPinViewController.m in Sources */ = {isa = PBXBuildFile; fileRef = E967F3E71A1BEE570018EB2D /* KNSFAnalogPinViewController.m */; };
		E97649B21AEA613800E34585 /* konashi2.0.0-release-04-DeviceNameBugFix.bin in Resources */ = {isa = PBXBuildFile; fileRef = E97649B11AEA613800E34585 /* konashi2.0.0-release-04-DeviceNameBugFix.bin */; };
		E99ACDDC1A1608C4001FEB35 /* libz.dylib in Frameworks */ = {isa = PBXBuildFile; fileRef = E99ACDDB1A1608C4001FEB35 /* libz.dylib */; };
		E9DC64C21A1BD287005FCC22 /* KNSFDigitalPinViewController.m in Sources */ = {isa = PBXBuildFile; fileRef = E9DC64C11A1BD287005FCC22 /* KNSFDigitalPinViewController.m */; };
		E9EE764B1A19CFFC004C00DB /* AppDelegate.m in Sources */ = {isa = PBXBuildFile; fileRef = E9EE76201A19CFFC004C00DB /* AppDelegate.m */; };
		E9EE764C1A19CFFC004C00DB /* LaunchScreen.xib in Resources */ = {isa = PBXBuildFile; fileRef = E9EE76211A19CFFC004C00DB /* LaunchScreen.xib */; };
		E9EE764D1A19CFFC004C00DB /* Main.storyboard in Resources */ = {isa = PBXBuildFile; fileRef = E9EE76231A19CFFC004C00DB /* Main.storyboard */; };
		E9EE764E1A19CFFC004C00DB /* Konashi+OTA.m in Sources */ = {isa = PBXBuildFile; fileRef = E9EE76281A19CFFC004C00DB /* Konashi+OTA.m */; };
		E9EE764F1A19CFFC004C00DB /* KNSFCommViewController.m in Sources */ = {isa = PBXBuildFile; fileRef = E9EE762D1A19CFFC004C00DB /* KNSFCommViewController.m */; };
		E9EE76501A19CFFC004C00DB /* KNSFDeviceStateViewController.m in Sources */ = {isa = PBXBuildFile; fileRef = E9EE76301A19CFFC004C00DB /* KNSFDeviceStateViewController.m */; };
		E9EE76511A19CFFC004C00DB /* OTAFirmwareTableViewController.m in Sources */ = {isa = PBXBuildFile; fileRef = E9EE76341A19CFFC004C00DB /* OTAFirmwareTableViewController.m */; };
		E9EE76521A19CFFC004C00DB /* OTAUpdateViewController.m in Sources */ = {isa = PBXBuildFile; fileRef = E9EE76371A19CFFC004C00DB /* OTAUpdateViewController.m */; };
		E9EE76531A19CFFC004C00DB /* Images.xcassets in Resources */ = {isa = PBXBuildFile; fileRef = E9EE76381A19CFFC004C00DB /* Images.xcassets */; };
		E9EE76551A19CFFC004C00DB /* main.m in Sources */ = {isa = PBXBuildFile; fileRef = E9EE763A1A19CFFC004C00DB /* main.m */; };
		E9EE76571A19CFFC004C00DB /* Icon-40.png in Resources */ = {isa = PBXBuildFile; fileRef = E9EE763F1A19CFFC004C00DB /* Icon-40.png */; };
		E9EE76581A19CFFC004C00DB /* Icon-40@2x.png in Resources */ = {isa = PBXBuildFile; fileRef = E9EE76401A19CFFC004C00DB /* Icon-40@2x.png */; };
		E9EE76591A19CFFC004C00DB /* Icon-60.png in Resources */ = {isa = PBXBuildFile; fileRef = E9EE76411A19CFFC004C00DB /* Icon-60.png */; };
		E9EE765A1A19CFFC004C00DB /* Icon-60@2x.png in Resources */ = {isa = PBXBuildFile; fileRef = E9EE76421A19CFFC004C00DB /* Icon-60@2x.png */; };
		E9EE765B1A19CFFC004C00DB /* Icon-76.png in Resources */ = {isa = PBXBuildFile; fileRef = E9EE76431A19CFFC004C00DB /* Icon-76.png */; };
		E9EE765C1A19CFFC004C00DB /* Icon-76@2x.png in Resources */ = {isa = PBXBuildFile; fileRef = E9EE76441A19CFFC004C00DB /* Icon-76@2x.png */; };
		E9EE765D1A19CFFC004C00DB /* Icon-Small.png in Resources */ = {isa = PBXBuildFile; fileRef = E9EE76451A19CFFC004C00DB /* Icon-Small.png */; };
		E9EE765E1A19CFFC004C00DB /* Icon-Small@2x.png in Resources */ = {isa = PBXBuildFile; fileRef = E9EE76461A19CFFC004C00DB /* Icon-Small@2x.png */; };
		E9EE76601A19CFFC004C00DB /* Icon@3x.png in Resources */ = {isa = PBXBuildFile; fileRef = E9EE76481A19CFFC004C00DB /* Icon@3x.png */; };
		E9EE76611A19CFFC004C00DB /* iTunesArtwork.png in Resources */ = {isa = PBXBuildFile; fileRef = E9EE76491A19CFFC004C00DB /* iTunesArtwork.png */; };
		E9EE76621A19CFFC004C00DB /* iTunesArtwork@2x.png in Resources */ = {isa = PBXBuildFile; fileRef = E9EE764A1A19CFFC004C00DB /* iTunesArtwork@2x.png */; };
		E9F59A4F1A19D07700FABDCC /* Default-568h@2x.png in Resources */ = {isa = PBXBuildFile; fileRef = E9F59A4E1A19D07700FABDCC /* Default-568h@2x.png */; };
/* End PBXBuildFile section */

/* Begin PBXFileReference section */
		2B9E4A891E48867A560CD074 /* libPods-KonashiInspector.a */ = {isa = PBXFileReference; explicitFileType = archive.ar; includeInIndex = 0; path = "libPods-KonashiInspector.a"; sourceTree = BUILT_PRODUCTS_DIR; };
		7C2343D92B74BEEEF5744C44 /* Pods-KonashiInspector.release.xcconfig */ = {isa = PBXFileReference; includeInIndex = 1; lastKnownFileType = text.xcconfig; name = "Pods-KonashiInspector.release.xcconfig"; path = "Pods/Target Support Files/Pods-KonashiInspector/Pods-KonashiInspector.release.xcconfig"; sourceTree = "<group>"; };
		D657D7F1D0D4FF00B9CC6116 /* Pods-KonashiInspector.debug.xcconfig */ = {isa = PBXFileReference; includeInIndex = 1; lastKnownFileType = text.xcconfig; name = "Pods-KonashiInspector.debug.xcconfig"; path = "Pods/Target Support Files/Pods-KonashiInspector/Pods-KonashiInspector.debug.xcconfig"; sourceTree = "<group>"; };
		E92026DB1A1602F8008E0924 /* KonashiInspector.app */ = {isa = PBXFileReference; explicitFileType = wrapper.application; includeInIndex = 0; path = KonashiInspector.app; sourceTree = BUILT_PRODUCTS_DIR; };
		E956148B1AB980B200357FBE /* KNSFPwmViewController.h */ = {isa = PBXFileReference; fileEncoding = 4; lastKnownFileType = sourcecode.c.h; path = KNSFPwmViewController.h; sourceTree = "<group>"; };
		E956148C1AB980B200357FBE /* KNSFPwmViewController.m */ = {isa = PBXFileReference; fileEncoding = 4; lastKnownFileType = sourcecode.c.objc; path = KNSFPwmViewController.m; sourceTree = "<group>"; };
		E967F3E01A1BDC870018EB2D /* KNSFDigitalIOTableViewCell.h */ = {isa = PBXFileReference; fileEncoding = 4; lastKnownFileType = sourcecode.c.h; path = KNSFDigitalIOTableViewCell.h; sourceTree = "<group>"; };
		E967F3E11A1BDC870018EB2D /* KNSFDigitalIOTableViewCell.m */ = {isa = PBXFileReference; fileEncoding = 4; lastKnownFileType = sourcecode.c.objc; path = KNSFDigitalIOTableViewCell.m; sourceTree = "<group>"; };
		E967F3E21A1BDC870018EB2D /* KNSFDigitalIOTableViewCell.xib */ = {isa = PBXFileReference; fileEncoding = 4; lastKnownFileType = file.xib; path = KNSFDigitalIOTableViewCell.xib; sourceTree = "<group>"; };
		E967F3E51A1BE9F60018EB2D /* KonashiInspector-Prefix.pch */ = {isa = PBXFileReference; lastKnownFileType = sourcecode.c.h; path = "KonashiInspector-Prefix.pch"; sourceTree = "<group>"; };
		E967F3E61A1BEE570018EB2D /* KNSFAnalogPinViewController.h */ = {isa = PBXFileReference; fileEncoding = 4; lastKnownFileType = sourcecode.c.h; path = KNSFAnalogPinViewController.h; sourceTree = "<group>"; };
		E967F3E71A1BEE570018EB2D /* KNSFAnalogPinViewController.m */ = {isa = PBXFileReference; fileEncoding = 4; lastKnownFileType = sourcecode.c.objc; path = KNSFAnalogPinViewController.m; sourceTree = "<group>"; };
		E97649B11AEA613800E34585 /* konashi2.0.0-release-04-DeviceNameBugFix.bin */ = {isa = PBXFileReference; lastKnownFileType = archive.macbinary; path = "konashi2.0.0-release-04-DeviceNameBugFix.bin"; sourceTree = "<group>"; };
		E99ACDDB1A1608C4001FEB35 /* libz.dylib */ = {isa = PBXFileReference; lastKnownFileType = "compiled.mach-o.dylib"; name = libz.dylib; path = usr/lib/libz.dylib; sourceTree = SDKROOT; };
		E9DC64C01A1BD287005FCC22 /* KNSFDigitalPinViewController.h */ = {isa = PBXFileReference; fileEncoding = 4; lastKnownFileType = sourcecode.c.h; path = KNSFDigitalPinViewController.h; sourceTree = "<group>"; };
		E9DC64C11A1BD287005FCC22 /* KNSFDigitalPinViewController.m */ = {isa = PBXFileReference; fileEncoding = 4; lastKnownFileType = sourcecode.c.objc; path = KNSFDigitalPinViewController.m; sourceTree = "<group>"; };
		E9EE761F1A19CFFC004C00DB /* AppDelegate.h */ = {isa = PBXFileReference; fileEncoding = 4; lastKnownFileType = sourcecode.c.h; path = AppDelegate.h; sourceTree = "<group>"; };
		E9EE76201A19CFFC004C00DB /* AppDelegate.m */ = {isa = PBXFileReference; fileEncoding = 4; lastKnownFileType = sourcecode.c.objc; path = AppDelegate.m; sourceTree = "<group>"; };
		E9EE76221A19CFFC004C00DB /* Base */ = {isa = PBXFileReference; lastKnownFileType = file.xib; name = Base; path = Base.lproj/LaunchScreen.xib; sourceTree = "<group>"; };
		E9EE76241A19CFFC004C00DB /* Base */ = {isa = PBXFileReference; lastKnownFileType = file.storyboard; name = Base; path = Base.lproj/Main.storyboard; sourceTree = "<group>"; };
		E9EE76271A19CFFC004C00DB /* Konashi+OTA.h */ = {isa = PBXFileReference; fileEncoding = 4; lastKnownFileType = sourcecode.c.h; path = "Konashi+OTA.h"; sourceTree = "<group>"; };
		E9EE76281A19CFFC004C00DB /* Konashi+OTA.m */ = {isa = PBXFileReference; fileEncoding = 4; lastKnownFileType = sourcecode.c.objc; path = "Konashi+OTA.m"; sourceTree = "<group>"; };
		E9EE762C1A19CFFC004C00DB /* KNSFCommViewController.h */ = {isa = PBXFileReference; fileEncoding = 4; lastKnownFileType = sourcecode.c.h; path = KNSFCommViewController.h; sourceTree = "<group>"; };
		E9EE762D1A19CFFC004C00DB /* KNSFCommViewController.m */ = {isa = PBXFileReference; fileEncoding = 4; lastKnownFileType = sourcecode.c.objc; path = KNSFCommViewController.m; sourceTree = "<group>"; };
		E9EE762F1A19CFFC004C00DB /* KNSFDeviceStateViewController.h */ = {isa = PBXFileReference; fileEncoding = 4; lastKnownFileType = sourcecode.c.h; path = KNSFDeviceStateViewController.h; sourceTree = "<group>"; };
		E9EE76301A19CFFC004C00DB /* KNSFDeviceStateViewController.m */ = {isa = PBXFileReference; fileEncoding = 4; lastKnownFileType = sourcecode.c.objc; path = KNSFDeviceStateViewController.m; sourceTree = "<group>"; };
		E9EE76331A19CFFC004C00DB /* OTAFirmwareTableViewController.h */ = {isa = PBXFileReference; fileEncoding = 4; lastKnownFileType = sourcecode.c.h; path = OTAFirmwareTableViewController.h; sourceTree = "<group>"; };
		E9EE76341A19CFFC004C00DB /* OTAFirmwareTableViewController.m */ = {isa = PBXFileReference; fileEncoding = 4; lastKnownFileType = sourcecode.c.objc; path = OTAFirmwareTableViewController.m; sourceTree = "<group>"; };
		E9EE76361A19CFFC004C00DB /* OTAUpdateViewController.h */ = {isa = PBXFileReference; fileEncoding = 4; lastKnownFileType = sourcecode.c.h; path = OTAUpdateViewController.h; sourceTree = "<group>"; };
		E9EE76371A19CFFC004C00DB /* OTAUpdateViewController.m */ = {isa = PBXFileReference; fileEncoding = 4; lastKnownFileType = sourcecode.c.objc; path = OTAUpdateViewController.m; sourceTree = "<group>"; };
		E9EE76381A19CFFC004C00DB /* Images.xcassets */ = {isa = PBXFileReference; lastKnownFileType = folder.assetcatalog; path = Images.xcassets; sourceTree = "<group>"; };
		E9EE76391A19CFFC004C00DB /* Info.plist */ = {isa = PBXFileReference; fileEncoding = 4; lastKnownFileType = text.plist.xml; path = Info.plist; sourceTree = "<group>"; };
		E9EE763A1A19CFFC004C00DB /* main.m */ = {isa = PBXFileReference; fileEncoding = 4; lastKnownFileType = sourcecode.c.objc; path = main.m; sourceTree = "<group>"; };
		E9EE763F1A19CFFC004C00DB /* Icon-40.png */ = {isa = PBXFileReference; lastKnownFileType = image.png; path = "Icon-40.png"; sourceTree = "<group>"; };
		E9EE76401A19CFFC004C00DB /* Icon-40@2x.png */ = {isa = PBXFileReference; lastKnownFileType = image.png; path = "Icon-40@2x.png"; sourceTree = "<group>"; };
		E9EE76411A19CFFC004C00DB /* Icon-60.png */ = {isa = PBXFileReference; lastKnownFileType = image.png; path = "Icon-60.png"; sourceTree = "<group>"; };
		E9EE76421A19CFFC004C00DB /* Icon-60@2x.png */ = {isa = PBXFileReference; lastKnownFileType = image.png; path = "Icon-60@2x.png"; sourceTree = "<group>"; };
		E9EE76431A19CFFC004C00DB /* Icon-76.png */ = {isa = PBXFileReference; lastKnownFileType = image.png; path = "Icon-76.png"; sourceTree = "<group>"; };
		E9EE76441A19CFFC004C00DB /* Icon-76@2x.png */ = {isa = PBXFileReference; lastKnownFileType = image.png; path = "Icon-76@2x.png"; sourceTree = "<group>"; };
		E9EE76451A19CFFC004C00DB /* Icon-Small.png */ = {isa = PBXFileReference; lastKnownFileType = image.png; path = "Icon-Small.png"; sourceTree = "<group>"; };
		E9EE76461A19CFFC004C00DB /* Icon-Small@2x.png */ = {isa = PBXFileReference; lastKnownFileType = image.png; path = "Icon-Small@2x.png"; sourceTree = "<group>"; };
		E9EE76481A19CFFC004C00DB /* Icon@3x.png */ = {isa = PBXFileReference; lastKnownFileType = image.png; path = "Icon@3x.png"; sourceTree = "<group>"; };
		E9EE76491A19CFFC004C00DB /* iTunesArtwork.png */ = {isa = PBXFileReference; lastKnownFileType = image.png; path = iTunesArtwork.png; sourceTree = "<group>"; };
		E9EE764A1A19CFFC004C00DB /* iTunesArtwork@2x.png */ = {isa = PBXFileReference; lastKnownFileType = image.png; path = "iTunesArtwork@2x.png"; sourceTree = "<group>"; };
		E9F59A4E1A19D07700FABDCC /* Default-568h@2x.png */ = {isa = PBXFileReference; lastKnownFileType = image.png; path = "Default-568h@2x.png"; sourceTree = "<group>"; };
/* End PBXFileReference section */

/* Begin PBXFrameworksBuildPhase section */
		E92026D81A1602F8008E0924 /* Frameworks */ = {
			isa = PBXFrameworksBuildPhase;
			buildActionMask = 2147483647;
			files = (
				E99ACDDC1A1608C4001FEB35 /* libz.dylib in Frameworks */,
				FE45ECF6552EDA748EAA834A /* libPods-KonashiInspector.a in Frameworks */,
			);
			runOnlyForDeploymentPostprocessing = 0;
		};
/* End PBXFrameworksBuildPhase section */

/* Begin PBXGroup section */
		6CA48202B77B712096DE66F5 /* Pods */ = {
			isa = PBXGroup;
			children = (
				E99ACDDB1A1608C4001FEB35 /* libz.dylib */,
				2B9E4A891E48867A560CD074 /* libPods-KonashiInspector.a */,
			);
			name = Pods;
			sourceTree = "<group>";
		};
		B1F5CBDEB66C551414C872C1 /* Pods */ = {
			isa = PBXGroup;
			children = (
				D657D7F1D0D4FF00B9CC6116 /* Pods-KonashiInspector.debug.xcconfig */,
				7C2343D92B74BEEEF5744C44 /* Pods-KonashiInspector.release.xcconfig */,
			);
			name = Frameworks;
			sourceTree = "<group>";
		};
		E92026D21A1602F8008E0924 = {
			isa = PBXGroup;
			children = (
				E9F59A4E1A19D07700FABDCC /* Default-568h@2x.png */,
				E9EE761E1A19CFFC004C00DB /* KonashiInspector */,
				E92026DC1A1602F8008E0924 /* Products */,
				8374A7DAC8AF3C4D3CB24866 /* Frameworks */,
				B1F5CBDEB66C551414C872C1 /* Pods */,
			);
			sourceTree = "<group>";
		};
		E92026DC1A1602F8008E0924 /* Products */ = {
			isa = PBXGroup;
			children = (
				E92026DB1A1602F8008E0924 /* KonashiInspector.app */,
			);
			name = Products;
			sourceTree = "<group>";
		};
		E956148A1AB97E4500357FBE /* KNSFPwmViewController */ = {
			isa = PBXGroup;
			children = (
				E956148B1AB980B200357FBE /* KNSFPwmViewController.h */,
				E956148C1AB980B200357FBE /* KNSFPwmViewController.m */,
			);
			path = KNSFPwmViewController;
			sourceTree = "<group>";
		};
		E9DC64BA1A1BD262005FCC22 /* KNSFAnalogPinViewController */ = {
			isa = PBXGroup;
			children = (
				E967F3E61A1BEE570018EB2D /* KNSFAnalogPinViewController.h */,
				E967F3E71A1BEE570018EB2D /* KNSFAnalogPinViewController.m */,
			);
			path = KNSFAnalogPinViewController;
			sourceTree = "<group>";
		};
		E9DC64BF1A1BD26B005FCC22 /* KNSFDigitalPinViewController */ = {
			isa = PBXGroup;
			children = (
				E9DC64C31A1BD29E005FCC22 /* Cell */,
				E9DC64C01A1BD287005FCC22 /* KNSFDigitalPinViewController.h */,
				E9DC64C11A1BD287005FCC22 /* KNSFDigitalPinViewController.m */,
			);
			path = KNSFDigitalPinViewController;
			sourceTree = "<group>";
		};
		E9DC64C31A1BD29E005FCC22 /* Cell */ = {
			isa = PBXGroup;
			children = (
				E967F3E01A1BDC870018EB2D /* KNSFDigitalIOTableViewCell.h */,
				E967F3E11A1BDC870018EB2D /* KNSFDigitalIOTableViewCell.m */,
				E967F3E21A1BDC870018EB2D /* KNSFDigitalIOTableViewCell.xib */,
			);
			path = Cell;
			sourceTree = "<group>";
		};
		E9EE761E1A19CFFC004C00DB /* KonashiInspector */ = {
			isa = PBXGroup;
			children = (
				1E35237E218B0B86001EEC2B /* KonashiInspector.entitlements */,
				E9EE761F1A19CFFC004C00DB /* AppDelegate.h */,
				E9EE76201A19CFFC004C00DB /* AppDelegate.m */,
				E9EE76211A19CFFC004C00DB /* LaunchScreen.xib */,
				E9EE76231A19CFFC004C00DB /* Main.storyboard */,
				E9EE76251A19CFFC004C00DB /* Category */,
				E9EE76291A19CFFC004C00DB /* Class */,
				E9EE76381A19CFFC004C00DB /* Images.xcassets */,
				E9EE76391A19CFFC004C00DB /* Info.plist */,
				E9EE763A1A19CFFC004C00DB /* main.m */,
				E967F3E51A1BE9F60018EB2D /* KonashiInspector-Prefix.pch */,
				E9EE763B1A19CFFC004C00DB /* Resource */,
			);
			path = KonashiInspector;
			sourceTree = "<group>";
		};
		E9EE76251A19CFFC004C00DB /* Category */ = {
			isa = PBXGroup;
			children = (
				E9EE76261A19CFFC004C00DB /* Konashi+OTA */,
			);
			path = Category;
			sourceTree = "<group>";
		};
		E9EE76261A19CFFC004C00DB /* Konashi+OTA */ = {
			isa = PBXGroup;
			children = (
				E9EE76271A19CFFC004C00DB /* Konashi+OTA.h */,
				E9EE76281A19CFFC004C00DB /* Konashi+OTA.m */,
			);
			path = "Konashi+OTA";
			sourceTree = "<group>";
		};
		E9EE76291A19CFFC004C00DB /* Class */ = {
			isa = PBXGroup;
			children = (
				E9EE762A1A19CFFC004C00DB /* Functions */,
				E9EE76311A19CFFC004C00DB /* OTA */,
			);
			path = Class;
			sourceTree = "<group>";
		};
		E9EE762A1A19CFFC004C00DB /* Functions */ = {
			isa = PBXGroup;
			children = (
				E956148A1AB97E4500357FBE /* KNSFPwmViewController */,
				E9DC64BF1A1BD26B005FCC22 /* KNSFDigitalPinViewController */,
				E9DC64BA1A1BD262005FCC22 /* KNSFAnalogPinViewController */,
				E9EE762B1A19CFFC004C00DB /* KNSFCommViewController */,
				E9EE762E1A19CFFC004C00DB /* KNSFDeviceStateViewController */,
			);
			path = Functions;
			sourceTree = "<group>";
		};
		E9EE762B1A19CFFC004C00DB /* KNSFCommViewController */ = {
			isa = PBXGroup;
			children = (
				E9EE762C1A19CFFC004C00DB /* KNSFCommViewController.h */,
				E9EE762D1A19CFFC004C00DB /* KNSFCommViewController.m */,
			);
			path = KNSFCommViewController;
			sourceTree = "<group>";
		};
		E9EE762E1A19CFFC004C00DB /* KNSFDeviceStateViewController */ = {
			isa = PBXGroup;
			children = (
				E9EE762F1A19CFFC004C00DB /* KNSFDeviceStateViewController.h */,
				E9EE76301A19CFFC004C00DB /* KNSFDeviceStateViewController.m */,
			);
			path = KNSFDeviceStateViewController;
			sourceTree = "<group>";
		};
		E9EE76311A19CFFC004C00DB /* OTA */ = {
			isa = PBXGroup;
			children = (
				E9EE76321A19CFFC004C00DB /* OTAFirmwareTableViewController */,
				E9EE76351A19CFFC004C00DB /* OTAUpdateViewController */,
			);
			path = OTA;
			sourceTree = "<group>";
		};
		E9EE76321A19CFFC004C00DB /* OTAFirmwareTableViewController */ = {
			isa = PBXGroup;
			children = (
				E9EE76331A19CFFC004C00DB /* OTAFirmwareTableViewController.h */,
				E9EE76341A19CFFC004C00DB /* OTAFirmwareTableViewController.m */,
			);
			path = OTAFirmwareTableViewController;
			sourceTree = "<group>";
		};
		E9EE76351A19CFFC004C00DB /* OTAUpdateViewController */ = {
			isa = PBXGroup;
			children = (
				E9EE76361A19CFFC004C00DB /* OTAUpdateViewController.h */,
				E9EE76371A19CFFC004C00DB /* OTAUpdateViewController.m */,
			);
			path = OTAUpdateViewController;
			sourceTree = "<group>";
		};
		E9EE763B1A19CFFC004C00DB /* Resource */ = {
			isa = PBXGroup;
			children = (
				E9EE763C1A19CFFC004C00DB /* Firmware */,
				E9EE763E1A19CFFC004C00DB /* Icon */,
			);
			path = Resource;
			sourceTree = "<group>";
		};
		E9EE763C1A19CFFC004C00DB /* Firmware */ = {
			isa = PBXGroup;
			children = (
				1E07F868218AF389003C6805 /* konashi3.0.0-dfu-app.ebl */,
				E97649B11AEA613800E34585 /* konashi2.0.0-release-04-DeviceNameBugFix.bin */,
			);
			path = Firmware;
			sourceTree = "<group>";
		};
		E9EE763E1A19CFFC004C00DB /* Icon */ = {
			isa = PBXGroup;
			children = (
				E9EE763F1A19CFFC004C00DB /* Icon-40.png */,
				E9EE76401A19CFFC004C00DB /* Icon-40@2x.png */,
				E9EE76411A19CFFC004C00DB /* Icon-60.png */,
				E9EE76421A19CFFC004C00DB /* Icon-60@2x.png */,
				E9EE76431A19CFFC004C00DB /* Icon-76.png */,
				E9EE76441A19CFFC004C00DB /* Icon-76@2x.png */,
				E9EE76451A19CFFC004C00DB /* Icon-Small.png */,
				E9EE76461A19CFFC004C00DB /* Icon-Small@2x.png */,
				E9EE76481A19CFFC004C00DB /* Icon@3x.png */,
				E9EE76491A19CFFC004C00DB /* iTunesArtwork.png */,
				E9EE764A1A19CFFC004C00DB /* iTunesArtwork@2x.png */,
			);
			path = Icon;
			sourceTree = "<group>";
		};
/* End PBXGroup section */

/* Begin PBXNativeTarget section */
		E92026DA1A1602F8008E0924 /* KonashiInspector */ = {
			isa = PBXNativeTarget;
			buildConfigurationList = E92026FE1A1602F8008E0924 /* Build configuration list for PBXNativeTarget "KonashiInspector" */;
			buildPhases = (
				8472AC653530C8601C2BC710 /* [CP] Check Pods Manifest.lock */,
				E92026D71A1602F8008E0924 /* Sources */,
				E92026D81A1602F8008E0924 /* Frameworks */,
				E92026D91A1602F8008E0924 /* Resources */,
				856F11FC12A65D40FE7F883C /* [CP] Embed Pods Frameworks */,
				862DF04B6F4B6640FE57742B /* [CP] Copy Pods Resources */,
			);
			buildRules = (
			);
			dependencies = (
			);
			name = KonashiInspector;
			productName = KonashiFirmwareUpdater;
			productReference = E92026DB1A1602F8008E0924 /* KonashiInspector.app */;
			productType = "com.apple.product-type.application";
		};
/* End PBXNativeTarget section */

/* Begin PBXProject section */
		E92026D31A1602F8008E0924 /* Project object */ = {
			isa = PBXProject;
			attributes = {
				LastUpgradeCheck = 0700;
				ORGANIZATIONNAME = "Akira Matsuda";
				TargetAttributes = {
					E92026DA1A1602F8008E0924 = {
						CreatedOnToolsVersion = 6.1;
						DevelopmentTeam = 55536VBLEE;
						SystemCapabilities = {
							com.apple.ApplicationGroups.iOS = {
								enabled = 0;
							};
							com.apple.WAC = {
								enabled = 0;
							};
						};
					};
				};
			};
			buildConfigurationList = E92026D61A1602F8008E0924 /* Build configuration list for PBXProject "KonashiInspector" */;
			compatibilityVersion = "Xcode 3.2";
			developmentRegion = English;
			hasScannedForEncodings = 0;
			knownRegions = (
				en,
				Base,
			);
			mainGroup = E92026D21A1602F8008E0924;
			productRefGroup = E92026DC1A1602F8008E0924 /* Products */;
			projectDirPath = "";
			projectRoot = "";
			targets = (
				E92026DA1A1602F8008E0924 /* KonashiInspector */,
			);
		};
/* End PBXProject section */

/* Begin PBXResourcesBuildPhase section */
		E92026D91A1602F8008E0924 /* Resources */ = {
			isa = PBXResourcesBuildPhase;
			buildActionMask = 2147483647;
			files = (
				E9EE76591A19CFFC004C00DB /* Icon-60.png in Resources */,
				E9EE76571A19CFFC004C00DB /* Icon-40.png in Resources */,
				E9EE76621A19CFFC004C00DB /* iTunesArtwork@2x.png in Resources */,
				E967F3E41A1BDC870018EB2D /* KNSFDigitalIOTableViewCell.xib in Resources */,
				E9EE76531A19CFFC004C00DB /* Images.xcassets in Resources */,
				E9EE765E1A19CFFC004C00DB /* Icon-Small@2x.png in Resources */,
				E9EE76611A19CFFC004C00DB /* iTunesArtwork.png in Resources */,
				E9EE765C1A19CFFC004C00DB /* Icon-76@2x.png in Resources */,
				E9EE76601A19CFFC004C00DB /* Icon@3x.png in Resources */,
				E9EE765A1A19CFFC004C00DB /* Icon-60@2x.png in Resources */,
				E9F59A4F1A19D07700FABDCC /* Default-568h@2x.png in Resources */,
				E9EE76581A19CFFC004C00DB /* Icon-40@2x.png in Resources */,
				E9EE765D1A19CFFC004C00DB /* Icon-Small.png in Resources */,
				E9EE765B1A19CFFC004C00DB /* Icon-76.png in Resources */,
				E9EE764C1A19CFFC004C00DB /* LaunchScreen.xib in Resources */,
				E97649B21AEA613800E34585 /* konashi2.0.0-release-04-DeviceNameBugFix.bin in Resources */,
				E9EE764D1A19CFFC004C00DB /* Main.storyboard in Resources */,
			);
			runOnlyForDeploymentPostprocessing = 0;
		};
/* End PBXResourcesBuildPhase section */

/* Begin PBXShellScriptBuildPhase section */
		8472AC653530C8601C2BC710 /* [CP] Check Pods Manifest.lock */ = {
			isa = PBXShellScriptBuildPhase;
			buildActionMask = 2147483647;
			files = (
			);
			inputPaths = (
			);
			name = "[CP] Check Pods Manifest.lock";
			outputPaths = (
			);
			runOnlyForDeploymentPostprocessing = 0;
			shellPath = /bin/sh;
			shellScript = "\"${SRCROOT}/Pods/Target Support Files/Pods-KonashiInspector/Pods-KonashiInspector-frameworks.sh\"\n";
			showEnvVarsInLog = 0;
		};
		56E2FC4C27D6470C9152B6A4 /* [CP] Copy Pods Resources */ = {
			isa = PBXShellScriptBuildPhase;
			buildActionMask = 2147483647;
			files = (
			);
			inputPaths = (
				);
			name = "[CP] Embed Pods Frameworks";
			outputPaths = (
				"${TARGET_BUILD_DIR}/${UNLOCALIZED_RESOURCES_FOLDER_PATH}/FontAwesome.otf",
				"${TARGET_BUILD_DIR}/${UNLOCALIZED_RESOURCES_FOLDER_PATH}/foundation-icons.ttf",
				"${TARGET_BUILD_DIR}/${UNLOCALIZED_RESOURCES_FOLDER_PATH}/ionicons.ttf",
				"${TARGET_BUILD_DIR}/${UNLOCALIZED_RESOURCES_FOLDER_PATH}/zocial-regular-webfont.ttf",
				"${TARGET_BUILD_DIR}/${UNLOCALIZED_RESOURCES_FOLDER_PATH}/SVProgressHUD.bundle",
			);
			runOnlyForDeploymentPostprocessing = 0;
			shellPath = /bin/sh;
			shellScript = "\"${SRCROOT}/Pods/Target Support Files/Pods-KonashiInspector/Pods-KonashiInspector-resources.sh\"\n";
			showEnvVarsInLog = 0;
		};
		862DF04B6F4B6640FE57742B /* [CP] Copy Pods Resources */ = {
			isa = PBXShellScriptBuildPhase;
			buildActionMask = 2147483647;
			files = (
			);
			inputPaths = (
				"${SRCROOT}/Pods/Target Support Files/Pods-KonashiInspector/Pods-KonashiInspector-resources.sh",
				"${PODS_ROOT}/FontAwesomeKit/FontAwesomeKit/FontAwesome.otf",
				"${PODS_ROOT}/FontAwesomeKit/FontAwesomeKit/foundation-icons.ttf",
				"${PODS_ROOT}/FontAwesomeKit/FontAwesomeKit/ionicons.ttf",
				"${PODS_ROOT}/FontAwesomeKit/FontAwesomeKit/zocial-regular-webfont.ttf",
				"${PODS_ROOT}/SVProgressHUD/SVProgressHUD/SVProgressHUD.bundle",
			);
			name = "[CP] Copy Pods Resources";
			outputPaths = (
				"${TARGET_BUILD_DIR}/${UNLOCALIZED_RESOURCES_FOLDER_PATH}",
			);
			runOnlyForDeploymentPostprocessing = 0;
			shellPath = /bin/sh;
			shellScript = "\"${SRCROOT}/Pods/Target Support Files/Pods-KonashiInspector/Pods-KonashiInspector-resources.sh\"\n";
			showEnvVarsInLog = 0;
		};
/* End PBXShellScriptBuildPhase section */

/* Begin PBXSourcesBuildPhase section */
		E92026D71A1602F8008E0924 /* Sources */ = {
			isa = PBXSourcesBuildPhase;
			buildActionMask = 2147483647;
			files = (
				E9EE76501A19CFFC004C00DB /* KNSFDeviceStateViewController.m in Sources */,
				E956148D1AB980B200357FBE /* KNSFPwmViewController.m in Sources */,
				E967F3E31A1BDC870018EB2D /* KNSFDigitalIOTableViewCell.m in Sources */,
				E9EE764E1A19CFFC004C00DB /* Konashi+OTA.m in Sources */,
				E9EE76521A19CFFC004C00DB /* OTAUpdateViewController.m in Sources */,
				E967F3E81A1BEE570018EB2D /* KNSFAnalogPinViewController.m in Sources */,
				E9EE764B1A19CFFC004C00DB /* AppDelegate.m in Sources */,
				E9EE76511A19CFFC004C00DB /* OTAFirmwareTableViewController.m in Sources */,
				E9EE76551A19CFFC004C00DB /* main.m in Sources */,
				E9EE764F1A19CFFC004C00DB /* KNSFCommViewController.m in Sources */,
				E9DC64C21A1BD287005FCC22 /* KNSFDigitalPinViewController.m in Sources */,
			);
			runOnlyForDeploymentPostprocessing = 0;
		};
/* End PBXSourcesBuildPhase section */

/* Begin PBXVariantGroup section */
		E9EE76211A19CFFC004C00DB /* LaunchScreen.xib */ = {
			isa = PBXVariantGroup;
			children = (
				E9EE76221A19CFFC004C00DB /* Base */,
			);
			name = LaunchScreen.xib;
			sourceTree = "<group>";
		};
		E9EE76231A19CFFC004C00DB /* Main.storyboard */ = {
			isa = PBXVariantGroup;
			children = (
				E9EE76241A19CFFC004C00DB /* Base */,
			);
			name = Main.storyboard;
			sourceTree = "<group>";
		};
/* End PBXVariantGroup section */

/* Begin XCBuildConfiguration section */
		E92026FC1A1602F8008E0924 /* Debug */ = {
			isa = XCBuildConfiguration;
			buildSettings = {
				ALWAYS_SEARCH_USER_PATHS = NO;
				CLANG_CXX_LANGUAGE_STANDARD = "gnu++0x";
				CLANG_CXX_LIBRARY = "libc++";
				CLANG_ENABLE_MODULES = YES;
				CLANG_ENABLE_OBJC_ARC = YES;
				CLANG_WARN_BOOL_CONVERSION = YES;
				CLANG_WARN_CONSTANT_CONVERSION = YES;
				CLANG_WARN_DIRECT_OBJC_ISA_USAGE = YES_ERROR;
				CLANG_WARN_EMPTY_BODY = YES;
				CLANG_WARN_ENUM_CONVERSION = YES;
				CLANG_WARN_INT_CONVERSION = YES;
				CLANG_WARN_OBJC_ROOT_CLASS = YES_ERROR;
				CLANG_WARN_UNREACHABLE_CODE = YES;
				CLANG_WARN__DUPLICATE_METHOD_MATCH = YES;
				"CODE_SIGN_IDENTITY[sdk=iphoneos*]" = "iPhone Developer";
				COPY_PHASE_STRIP = NO;
				ENABLE_STRICT_OBJC_MSGSEND = YES;
				ENABLE_TESTABILITY = YES;
				GCC_C_LANGUAGE_STANDARD = gnu99;
				GCC_DYNAMIC_NO_PIC = NO;
				GCC_OPTIMIZATION_LEVEL = 0;
				GCC_PREPROCESSOR_DEFINITIONS = (
					"DEBUG=1",
					"$(inherited)",
				);
				GCC_SYMBOLS_PRIVATE_EXTERN = NO;
				GCC_WARN_64_TO_32_BIT_CONVERSION = YES;
				GCC_WARN_ABOUT_RETURN_TYPE = YES_ERROR;
				GCC_WARN_UNDECLARED_SELECTOR = YES;
				GCC_WARN_UNINITIALIZED_AUTOS = YES_AGGRESSIVE;
				GCC_WARN_UNUSED_FUNCTION = YES;
				GCC_WARN_UNUSED_VARIABLE = YES;
				IPHONEOS_DEPLOYMENT_TARGET = 8.1;
				MTL_ENABLE_DEBUG_INFO = YES;
				ONLY_ACTIVE_ARCH = YES;
				SDKROOT = iphoneos;
			};
			name = Debug;
		};
		E92026FD1A1602F8008E0924 /* Release */ = {
			isa = XCBuildConfiguration;
			buildSettings = {
				ALWAYS_SEARCH_USER_PATHS = NO;
				CLANG_CXX_LANGUAGE_STANDARD = "gnu++0x";
				CLANG_CXX_LIBRARY = "libc++";
				CLANG_ENABLE_MODULES = YES;
				CLANG_ENABLE_OBJC_ARC = YES;
				CLANG_WARN_BOOL_CONVERSION = YES;
				CLANG_WARN_CONSTANT_CONVERSION = YES;
				CLANG_WARN_DIRECT_OBJC_ISA_USAGE = YES_ERROR;
				CLANG_WARN_EMPTY_BODY = YES;
				CLANG_WARN_ENUM_CONVERSION = YES;
				CLANG_WARN_INT_CONVERSION = YES;
				CLANG_WARN_OBJC_ROOT_CLASS = YES_ERROR;
				CLANG_WARN_UNREACHABLE_CODE = YES;
				CLANG_WARN__DUPLICATE_METHOD_MATCH = YES;
				"CODE_SIGN_IDENTITY[sdk=iphoneos*]" = "iPhone Developer";
				COPY_PHASE_STRIP = YES;
				ENABLE_NS_ASSERTIONS = NO;
				ENABLE_STRICT_OBJC_MSGSEND = YES;
				GCC_C_LANGUAGE_STANDARD = gnu99;
				GCC_WARN_64_TO_32_BIT_CONVERSION = YES;
				GCC_WARN_ABOUT_RETURN_TYPE = YES_ERROR;
				GCC_WARN_UNDECLARED_SELECTOR = YES;
				GCC_WARN_UNINITIALIZED_AUTOS = YES_AGGRESSIVE;
				GCC_WARN_UNUSED_FUNCTION = YES;
				GCC_WARN_UNUSED_VARIABLE = YES;
				IPHONEOS_DEPLOYMENT_TARGET = 8.1;
				MTL_ENABLE_DEBUG_INFO = NO;
				SDKROOT = iphoneos;
				VALIDATE_PRODUCT = YES;
			};
			name = Release;
		};
		E92026FF1A1602F8008E0924 /* Debug */ = {
			isa = XCBuildConfiguration;
			baseConfigurationReference = D657D7F1D0D4FF00B9CC6116 /* Pods-KonashiInspector.debug.xcconfig */;
			buildSettings = {
				ASSETCATALOG_COMPILER_APPICON_NAME = AppIcon;
				CODE_SIGN_IDENTITY = "iPhone Developer";
				"CODE_SIGN_IDENTITY[sdk=iphoneos*]" = "iPhone Developer";
				DEVELOPMENT_TEAM = 55536VBLEE;
				GCC_INCREASE_PRECOMPILED_HEADER_SHARING = NO;
				GCC_PRECOMPILE_PREFIX_HEADER = YES;
				GCC_PREFIX_HEADER = "KonashiInspector/KonashiInspector-Prefix.pch";
				GCC_PREPROCESSOR_DEFINITIONS = (
					"$(inherited)",
					"COCOAPODS=1",
				);
				INFOPLIST_FILE = "$(SRCROOT)/KonashiInspector/Info.plist";
				IPHONEOS_DEPLOYMENT_TARGET = 9.0;
				LD_RUNPATH_SEARCH_PATHS = "$(inherited) @executable_path/Frameworks";
				OTHER_LDFLAGS = "$(inherited)";
				PRODUCT_BUNDLE_IDENTIFIER = "com.ux-xu.konashi.KonashiInspector";
				PRODUCT_NAME = KonashiInspector;
				PROVISIONING_PROFILE = "";
			};
			name = Debug;
		};
		E92027001A1602F8008E0924 /* Release */ = {
			isa = XCBuildConfiguration;
			baseConfigurationReference = 7C2343D92B74BEEEF5744C44 /* Pods-KonashiInspector.release.xcconfig */;
			buildSettings = {
				ASSETCATALOG_COMPILER_APPICON_NAME = AppIcon;
				CODE_SIGN_IDENTITY = "iPhone Developer";
				"CODE_SIGN_IDENTITY[sdk=iphoneos*]" = "iPhone Developer";
				DEVELOPMENT_TEAM = 55536VBLEE;
				GCC_INCREASE_PRECOMPILED_HEADER_SHARING = NO;
				GCC_PRECOMPILE_PREFIX_HEADER = YES;
				GCC_PREFIX_HEADER = "KonashiInspector/KonashiInspector-Prefix.pch";
				INFOPLIST_FILE = "$(SRCROOT)/KonashiInspector/Info.plist";
				IPHONEOS_DEPLOYMENT_TARGET = 9.0;
				LD_RUNPATH_SEARCH_PATHS = "$(inherited) @executable_path/Frameworks";
				OTHER_LDFLAGS = "$(inherited)";
				PRODUCT_BUNDLE_IDENTIFIER = "com.ux-xu.konashi.KonashiInspector";
				PRODUCT_NAME = KonashiInspector;
				PROVISIONING_PROFILE = "";
			};
			name = Release;
		};
/* End XCBuildConfiguration section */

/* Begin XCConfigurationList section */
		E92026D61A1602F8008E0924 /* Build configuration list for PBXProject "KonashiInspector" */ = {
			isa = XCConfigurationList;
			buildConfigurations = (
				E92026FC1A1602F8008E0924 /* Debug */,
				E92026FD1A1602F8008E0924 /* Release */,
			);
			defaultConfigurationIsVisible = 0;
			defaultConfigurationName = Release;
		};
		E92026FE1A1602F8008E0924 /* Build configuration list for PBXNativeTarget "KonashiInspector" */ = {
			isa = XCConfigurationList;
			buildConfigurations = (
				E92026FF1A1602F8008E0924 /* Debug */,
				E92027001A1602F8008E0924 /* Release */,
			);
			defaultConfigurationIsVisible = 0;
			defaultConfigurationName = Release;
		};
/* End XCConfigurationList section */
	};
	rootObject = E92026D31A1602F8008E0924 /* Project object */;
}
