PODS:
  - AMViralSwitch (1.0.0)
  - FontAwesomeKit (2.1.8):
    - FontAwesomeKit/Core (= 2.1.8)
    - FontAwesomeKit/FontAwesome (= 2.1.8)
    - FontAwesomeKit/FoundationIcons (= 2.1.8)
    - FontAwesomeKit/IonIcons (= 2.1.8)
    - FontAwesomeKit/Zocial (= 2.1.8)
  - FontAwesomeKit/Core (2.1.8)
  - FontAwesomeKit/FontAwesome (2.1.8):
    - FontAwesomeKit/Core
  - FontAwesomeKit/FoundationIcons (2.1.8):
    - FontAwesomeKit/Core
  - FontAwesomeKit/IonIcons (2.1.8):
    - FontAwesomeKit/Core
  - FontAwesomeKit/Zocial (2.1.8):
    - FontAwesomeKit/Core
  - JDStatusBarNotification (1.5.3)
  - konashi-ios-sdk (4.1.0)
  - M2DWebViewController (0.1.11)
  - SVProgressHUD (1.1.3)
  - SWTableViewCell (0.3.7)

DEPENDENCIES:
  - AMViralSwitch
  - FontAwesomeKit (~> 2.1.0)
  - JDStatusBarNotification
  - konashi-ios-sdk
  - M2DWebViewController
  - SVProgressHUD
  - SWTableViewCell

SPEC CHECKSUMS:
  AMViralSwitch: caf07a95aed2055fc7bd93657166f747095174d6
  FontAwesomeKit: 64759fb28b5d2e74a1bd81553d7c11ca10e32179
  JDStatusBarNotification: 29413865af11c862c17180610b0f46a21118b412
  konashi-ios-sdk: dd545f091380e8adf58114bf270f24f79d8b96cc
  M2DWebViewController: ccdbbe41b792a4111672b8ad7e85b04500e6df30
  SVProgressHUD: 748080e4f36e603f6c02aec292664239df5279c1
  SWTableViewCell: 2a94aadc9d47b2b611fa064566bf57948b95b579

COCOAPODS: 0.39.0
