PODS:
  - AMViralSwitch (1.0.1)
  - FontAwesomeKit (2.1.8):
    - FontAwesomeKit/Core (= 2.1.8)
    - FontAwesomeKit/FontAwesome (= 2.1.8)
    - FontAwesomeKit/FoundationIcons (= 2.1.8)
    - FontAwesomeKit/IonIcons (= 2.1.8)
    - FontAwesomeKit/Zocial (= 2.1.8)
  - FontAwesomeKit/Core (2.1.8)
  - FontAwesomeKit/FontAwesome (2.1.8):
    - FontAwesomeKit/Core
  - FontAwesomeKit/FoundationIcons (2.1.8):
    - FontAwesomeKit/Core
  - FontAwesomeKit/IonIcons (2.1.8):
    - FontAwesomeKit/Core
  - FontAwesomeKit/Zocial (2.1.8):
    - FontAwesomeKit/Core
  - JDStatusBarNotification (1.5.6)
  - konashi-ios-sdk (5.0.0)
  - M2DWebViewController (0.2.4)
  - SVProgressHUD (2.2.2)
  - SWTableViewCell (0.3.7)

DEPENDENCIES:
  - AMViralSwitch
  - FontAwesomeKit (~> 2.1.0)
  - JDStatusBarNotification
  - konashi-ios-sdk
  - M2DWebViewController
  - SVProgressHUD
  - SWTableViewCell

SPEC CHECKSUMS:
  AMViralSwitch: 241117e9b5accf06829610a93f90c350a0b3d0ce
  FontAwesomeKit: 64759fb28b5d2e74a1bd81553d7c11ca10e32179
  JDStatusBarNotification: d5829a8f2f291b23b8a54b87fac8bf2549945a2f
  konashi-ios-sdk: 5fefa949a9543207ca662583d33b91fb909cd42f
  M2DWebViewController: 8281a0a8d25fed17725885536de553355d469c73
  SVProgressHUD: 59b2d3dabacbd051576d21d32293ca7228dc18b0
  SWTableViewCell: 2a94aadc9d47b2b611fa064566bf57948b95b579

PODFILE CHECKSUM: 4506979b6968272dcaeb323b1364e92936b51a6d

COCOAPODS: 1.3.1
